
Microsoft Visual Studio Solution File, Format Version 12.00
# Visual Studio Version 17
VisualStudioVersion = 17.1.32228.430
MinimumVisualStudioVersion = 10.0.40219.1
Project("{9A19103F-16F7-4668-BE54-9A1E7A4F7556}") = "FileServerWebAPI", "FileServerWebAPI\FileServerWebAPI.csproj", "{025A7F57-0CDF-4AFB-959B-014CEE2DF0A2}"
EndProject
Project("{FAE04EC0-301F-11D3-BF4B-00C04F79EFBC}") = "FileExplorerDesktopClient", "FileExplorerDesktopClient\FileExplorerDesktopClient.csproj", "{8E5E2621-6C97-4022-8F00-1D94317D7758}"
EndProject
Project("{9A19103F-16F7-4668-BE54-9A1E7A4F7556}") = "Classes", "Classes\Classes.csproj", "{23D6E20B-6DC5-4F47-B586-FE624AE69EFB}"
EndProject
Project("{9A19103F-16F7-4668-BE54-9A1E7A4F7556}") = "TreeDb", "TreeDb\TreeDb.csproj", "{32F36471-1EFC-40D5-8CCC-AA9FF93F0089}"
EndProject
Project("{9A19103F-16F7-4668-BE54-9A1E7A4F7556}") = "DB Test", "DB Test\DB Test.csproj", "{15E81F10-1B9E-4468-A248-A123680937F1}"
EndProject
Project("{9A19103F-16F7-4668-BE54-9A1E7A4F7556}") = "Windows Explorer", "Windows Explorer\Windows Explorer.csproj", "{3A5E35EB-1861-4B84-A890-113EB4BEDAF9}"
EndProject
Project("{FAE04EC0-301F-11D3-BF4B-00C04F79EFBC}") = "WindowsExplorer WPF NET", "WindowsExplorer WPF NET\WindowsExplorer WPF NET.csproj", "{E99380C5-6B19-41EE-9E46-989D6FB2302F}"
EndProject
Global
	GlobalSection(SolutionConfigurationPlatforms) = preSolution
		Debug|Any CPU = Debug|Any CPU
		Release|Any CPU = Release|Any CPU
	EndGlobalSection
	GlobalSection(ProjectConfigurationPlatforms) = postSolution
		{025A7F57-0CDF-4AFB-959B-014CEE2DF0A2}.Debug|Any CPU.ActiveCfg = Debug|Any CPU
		{025A7F57-0CDF-4AFB-959B-014CEE2DF0A2}.Debug|Any CPU.Build.0 = Debug|Any CPU
		{025A7F57-0CDF-4AFB-959B-014CEE2DF0A2}.Release|Any CPU.ActiveCfg = Release|Any CPU
		{025A7F57-0CDF-4AFB-959B-014CEE2DF0A2}.Release|Any CPU.Build.0 = Release|Any CPU
		{8E5E2621-6C97-4022-8F00-1D94317D7758}.Debug|Any CPU.ActiveCfg = Debug|Any CPU
		{8E5E2621-6C97-4022-8F00-1D94317D7758}.Debug|Any CPU.Build.0 = Debug|Any CPU
		{8E5E2621-6C97-4022-8F00-1D94317D7758}.Release|Any CPU.ActiveCfg = Release|Any CPU
		{8E5E2621-6C97-4022-8F00-1D94317D7758}.Release|Any CPU.Build.0 = Release|Any CPU
		{23D6E20B-6DC5-4F47-B586-FE624AE69EFB}.Debug|Any CPU.ActiveCfg = Debug|Any CPU
		{23D6E20B-6DC5-4F47-B586-FE624AE69EFB}.Debug|Any CPU.Build.0 = Debug|Any CPU
		{23D6E20B-6DC5-4F47-B586-FE624AE69EFB}.Release|Any CPU.ActiveCfg = Release|Any CPU
		{23D6E20B-6DC5-4F47-B586-FE624AE69EFB}.Release|Any CPU.Build.0 = Release|Any CPU
		{32F36471-1EFC-40D5-8CCC-AA9FF93F0089}.Debug|Any CPU.ActiveCfg = Debug|Any CPU
		{32F36471-1EFC-40D5-8CCC-AA9FF93F0089}.Debug|Any CPU.Build.0 = Debug|Any CPU
		{32F36471-1EFC-40D5-8CCC-AA9FF93F0089}.Release|Any CPU.ActiveCfg = Release|Any CPU
		{32F36471-1EFC-40D5-8CCC-AA9FF93F0089}.Release|Any CPU.Build.0 = Release|Any CPU
		{15E81F10-1B9E-4468-A248-A123680937F1}.Debug|Any CPU.ActiveCfg = Debug|Any CPU
		{15E81F10-1B9E-4468-A248-A123680937F1}.Debug|Any CPU.Build.0 = Debug|Any CPU
		{15E81F10-1B9E-4468-A248-A123680937F1}.Release|Any CPU.ActiveCfg = Release|Any CPU
		{15E81F10-1B9E-4468-A248-A123680937F1}.Release|Any CPU.Build.0 = Release|Any CPU
		{3A5E35EB-1861-4B84-A890-113EB4BEDAF9}.Debug|Any CPU.ActiveCfg = Debug|Any CPU
		{3A5E35EB-1861-4B84-A890-113EB4BEDAF9}.Debug|Any CPU.Build.0 = Debug|Any CPU
		{3A5E35EB-1861-4B84-A890-113EB4BEDAF9}.Release|Any CPU.ActiveCfg = Release|Any CPU
		{3A5E35EB-1861-4B84-A890-113EB4BEDAF9}.Release|Any CPU.Build.0 = Release|Any CPU
		{E99380C5-6B19-41EE-9E46-989D6FB2302F}.Debug|Any CPU.ActiveCfg = Debug|Any CPU
		{E99380C5-6B19-41EE-9E46-989D6FB2302F}.Debug|Any CPU.Build.0 = Debug|Any CPU
		{E99380C5-6B19-41EE-9E46-989D6FB2302F}.Release|Any CPU.ActiveCfg = Release|Any CPU
		{E99380C5-6B19-41EE-9E46-989D6FB2302F}.Release|Any CPU.Build.0 = Release|Any CPU
	EndGlobalSection
	GlobalSection(SolutionProperties) = preSolution
		HideSolutionNode = FALSE
	EndGlobalSection
	GlobalSection(ExtensibilityGlobals) = postSolution
		SolutionGuid = {CDFA6C55-2D12-4190-9334-F866F518A1B0}
	EndGlobalSection
EndGlobal
